<Solution>
  <Folder Name="/src/BuildingBlocks/">
    <Project Path="src\BuildingBlocks\IndustrialPlatform.SharedKernel\IndustrialPlatform.SharedKernel.csproj" />
    <Project Path="src\BuildingBlocks\IndustrialPlatform.Application.Abstractions\IndustrialPlatform.Application.Abstractions.csproj" />
    <Project Path="src\BuildingBlocks\IndustrialPlatform.Infrastructure\IndustrialPlatform.Infrastructure.csproj" />
    <Project Path="src\BuildingBlocks\IndustrialPlatform.EventBus\IndustrialPlatform.EventBus.csproj" />
    <Project Path="src\BuildingBlocks\IndustrialPlatform.Logging\IndustrialPlatform.Logging.csproj" />
    <Project Path="src\BuildingBlocks\IndustrialPlatform.Web\IndustrialPlatform.Web.csproj" />
    <Project Path="src\BuildingBlocks\IndustrialPlatform.Security\IndustrialPlatform.Security.csproj" />
  </Folder>
  <Folder Name="/tests/BuildingBlocks/">
    <Project Path="tests\BuildingBlocks\IndustrialPlatform.BuildingBlocks.Tests\IndustrialPlatform.BuildingBlocks.Tests.csproj" />
  </Folder>
  <Folder Name="/src/Services/Identity/">
    <Project Path="src\Services\Identity\IndustrialPlatform.Identity.Domain\IndustrialPlatform.Identity.Domain.csproj" />
    <Project Path="src\Services\Identity\IndustrialPlatform.Identity.Application\IndustrialPlatform.Identity.Application.csproj" />
    <Project Path="src\Services\Identity\IndustrialPlatform.Identity.Infrastructure\IndustrialPlatform.Identity.Infrastructure.csproj" />
    <Project Path="src\Services\Identity\IndustrialPlatform.Identity.Api\IndustrialPlatform.Identity.Api.csproj" />
  </Folder>
  <Folder Name="/tests/Identity/">
    <Project Path="tests\Identity\IndustrialPlatform.Identity.Tests\IndustrialPlatform.Identity.Tests.csproj" />
  </Folder>
</Solution>
