<Solution>
  <Folder Name="/src/BuildingBlocks/">
    <Project Path="src\BuildingBlocks\IndustrialPlatform.SharedKernel\IndustrialPlatform.SharedKernel.csproj" />
    <Project Path="src\BuildingBlocks\IndustrialPlatform.Application.Abstractions\IndustrialPlatform.Application.Abstractions.csproj" />
    <Project Path="src\BuildingBlocks\IndustrialPlatform.Infrastructure\IndustrialPlatform.Infrastructure.csproj" />
    <Project Path="src\BuildingBlocks\IndustrialPlatform.EventBus\IndustrialPlatform.EventBus.csproj" />
    <Project Path="src\BuildingBlocks\IndustrialPlatform.Logging\IndustrialPlatform.Logging.csproj" />
    <Project Path="src\BuildingBlocks\IndustrialPlatform.Web\IndustrialPlatform.Web.csproj" />
    <Project Path="src\BuildingBlocks\IndustrialPlatform.Security\IndustrialPlatform.Security.csproj" />
  </Folder>
  <Folder Name="/tests/BuildingBlocks/">
    <Project Path="..\..\tests\BuildingBlocks\IndustrialPlatform.BuildingBlocks.Tests\IndustrialPlatform.BuildingBlocks.Tests.csproj" />
  </Folder>
  <Folder Name="/src/Services/Identity/">
    <Project Path="src\Services\Identity\IndustrialPlatform.Identity.Contracts\IndustrialPlatform.Identity.Contracts.csproj" />
    <Project Path="src\Services\Identity\IndustrialPlatform.Identity.Domain\IndustrialPlatform.Identity.Domain.csproj" />
    <Project Path="src\Services\Identity\IndustrialPlatform.Identity.Application\IndustrialPlatform.Identity.Application.csproj" />
    <Project Path="src\Services\Identity\IndustrialPlatform.Identity.Infrastructure\IndustrialPlatform.Identity.Infrastructure.csproj" />
    <Project Path="src\Services\Identity\IndustrialPlatform.Identity.Api\IndustrialPlatform.Identity.Api.csproj" />
  </Folder>
  <Folder Name="/tests/Identity/">
    <Project Path="..\..\tests\Identity\IndustrialPlatform.Identity.Domain.Tests\IndustrialPlatform.Identity.Domain.Tests.csproj" />
    <Project Path="..\..\tests\Identity\IndustrialPlatform.Identity.Application.Tests\IndustrialPlatform.Identity.Application.Tests.csproj" />
    <Project Path="..\..\tests\Identity\IndustrialPlatform.Identity.Infrastructure.Tests\IndustrialPlatform.Identity.Infrastructure.Tests.csproj" />
    <Project Path="..\..\tests\Identity\IndustrialPlatform.Identity.Api.Tests\IndustrialPlatform.Identity.Api.Tests.csproj" />
    <Project Path="..\..\tests\Identity\IndustrialPlatform.Identity.Contract.Tests\IndustrialPlatform.Identity.Contract.Tests.csproj" />
  </Folder>
  <Folder Name="/src/Services/ReferenceData/">
    <Project Path="src\Services\ReferenceData\IndustrialPlatform.ReferenceData.Domain\IndustrialPlatform.ReferenceData.Domain.csproj" />
    <Project Path="src\Services\ReferenceData\IndustrialPlatform.ReferenceData.Application\IndustrialPlatform.ReferenceData.Application.csproj" />
    <Project Path="src\Services\ReferenceData\IndustrialPlatform.ReferenceData.Infrastructure\IndustrialPlatform.ReferenceData.Infrastructure.csproj" />
    <Project Path="src\Services\ReferenceData\IndustrialPlatform.ReferenceData.Api\IndustrialPlatform.ReferenceData.Api.csproj" />
  </Folder>
  <Folder Name="/src/Gateway/">
    <Project Path="src\Gateway\IndustrialPlatform.Gateway\IndustrialPlatform.Gateway.csproj" />
  </Folder>
  <Folder Name="/tests/Gateway/">
    <Project Path="..\..\tests\Gateway\IndustrialPlatform.Gateway.Tests\IndustrialPlatform.Gateway.Tests.csproj" />
  </Folder>
  <Folder Name="/tests/ReferenceData/">
    <Project Path="..\..\tests\ReferenceData\IndustrialPlatform.ReferenceData.Tests\IndustrialPlatform.ReferenceData.Tests.csproj" />
  </Folder>
</Solution>
